
Microsoft Visual Studio Solution File, Format Version 12.00
# Visual Studio Version 17
VisualStudioVersion = 17.4.33213.308
MinimumVisualStudioVersion = 10.0.40219.1
Project("{FAE04EC0-301F-11D3-BF4B-00C04F79EFBC}") = "api1", "api1\api1.csproj", "{DF389AD1-323D-4886-A579-B964B567CAAE}"
EndProject
Global
	GlobalSection(SolutionConfigurationPlatforms) = preSolution
		Debug|Any CPU = Debug|Any CPU
		Release|Any CPU = Release|Any CPU
	EndGlobalSection
	GlobalSection(ProjectConfigurationPlatforms) = postSolution
		{DF389AD1-323D-4886-A579-B964B567CAAE}.Debug|Any CPU.ActiveCfg = Debug|Any CPU
		{DF389AD1-323D-4886-A579-B964B567CAAE}.Debug|Any CPU.Build.0 = Debug|Any CPU
		{DF389AD1-323D-4886-A579-B964B567CAAE}.Release|Any CPU.ActiveCfg = Release|Any CPU
		{DF389AD1-323D-4886-A579-B964B567CAAE}.Release|Any CPU.Build.0 = Release|Any CPU
	EndGlobalSection
	GlobalSection(SolutionProperties) = preSolution
		HideSolutionNode = FALSE
	EndGlobalSection
	GlobalSection(ExtensibilityGlobals) = postSolution
		SolutionGuid = {58DB33F3-9A7F-4DEA-94A3-6098C321F852}
	EndGlobalSection
EndGlobal
